
Microsoft Visual Studio Solution File, Format Version 12.00
# Visual Studio Version 16
VisualStudioVersion = 16.0.29519.87
MinimumVisualStudioVersion = 10.0.40219.1
Project("{FAE04EC0-301F-11D3-BF4B-00C04F79EFBC}") = "QuickBuy.Dominio", "QuickBuy.Dominio\QuickBuy.Dominio.csproj", "{3B1BEDAA-E48A-4265-8104-1E9E78DBE1B9}"
EndProject
Project("{FAE04EC0-301F-11D3-BF4B-00C04F79EFBC}") = "QuickBuy.Repositorio", "QuickBuy.Repositorio\QuickBuy.Repositorio.csproj", "{7CE0CA49-204D-48C3-B448-26357EB09FA8}"
EndProject
Project("{FAE04EC0-301F-11D3-BF4B-00C04F79EFBC}") = "QuickBuy.Web", "QuickBuy.Web\QuickBuy.Web.csproj", "{CC440D10-EC57-4E92-AECA-CF1BB3537DA0}"
EndProject
Global
	GlobalSection(SolutionConfigurationPlatforms) = preSolution
		Debug|Any CPU = Debug|Any CPU
		Release|Any CPU = Release|Any CPU
	EndGlobalSection
	GlobalSection(ProjectConfigurationPlatforms) = postSolution
		{3B1BEDAA-E48A-4265-8104-1E9E78DBE1B9}.Debug|Any CPU.ActiveCfg = Debug|Any CPU
		{3B1BEDAA-E48A-4265-8104-1E9E78DBE1B9}.Debug|Any CPU.Build.0 = Debug|Any CPU
		{3B1BEDAA-E48A-4265-8104-1E9E78DBE1B9}.Release|Any CPU.ActiveCfg = Release|Any CPU
		{3B1BEDAA-E48A-4265-8104-1E9E78DBE1B9}.Release|Any CPU.Build.0 = Release|Any CPU
		{7CE0CA49-204D-48C3-B448-26357EB09FA8}.Debug|Any CPU.ActiveCfg = Debug|Any CPU
		{7CE0CA49-204D-48C3-B448-26357EB09FA8}.Debug|Any CPU.Build.0 = Debug|Any CPU
		{7CE0CA49-204D-48C3-B448-26357EB09FA8}.Release|Any CPU.ActiveCfg = Release|Any CPU
		{7CE0CA49-204D-48C3-B448-26357EB09FA8}.Release|Any CPU.Build.0 = Release|Any CPU
		{CC440D10-EC57-4E92-AECA-CF1BB3537DA0}.Debug|Any CPU.ActiveCfg = Debug|Any CPU
		{CC440D10-EC57-4E92-AECA-CF1BB3537DA0}.Debug|Any CPU.Build.0 = Debug|Any CPU
		{CC440D10-EC57-4E92-AECA-CF1BB3537DA0}.Release|Any CPU.ActiveCfg = Release|Any CPU
		{CC440D10-EC57-4E92-AECA-CF1BB3537DA0}.Release|Any CPU.Build.0 = Release|Any CPU
	EndGlobalSection
	GlobalSection(SolutionProperties) = preSolution
		HideSolutionNode = FALSE
	EndGlobalSection
	GlobalSection(ExtensibilityGlobals) = postSolution
		SolutionGuid = {D9E59BBB-EB9E-4922-AE81-CF016B094181}
	EndGlobalSection
EndGlobal
